{
  "originHash" : "6996fd5f5e926fe184ebc5faa5f4051bca5cc0721f343df5a96f63a2db6edd1e",
  "pins" : [
    {
      "identity" : "core",
      "kind" : "remoteSourceControl",
      "location" : "https://github.com/rbailoni/Core",
      "state" : {
        "branch" : "develop",
        "revision" : "eae7d827d4736cfcd49be5f64eff1b8a9cd023a2"
      }
    }
  ],
  "version" : 3
}
